
Microsoft Visual Studio Solution File, Format Version 12.00
# Visual Studio Version 17
VisualStudioVersion = 17.3.32922.545
MinimumVisualStudioVersion = 10.0.40219.1
Project("{FAE04EC0-301F-11D3-BF4B-00C04F79EFBC}") = "WpfApp2", "WpfApp2\WpfApp2.csproj", "{B5AEADDA-F707-47DC-8246-49C97121A7CD}"
EndProject
Global
	GlobalSection(SolutionConfigurationPlatforms) = preSolution
		Debug|Any CPU = Debug|Any CPU
		Release|Any CPU = Release|Any CPU
	EndGlobalSection
	GlobalSection(ProjectConfigurationPlatforms) = postSolution
		{B5AEADDA-F707-47DC-8246-49C97121A7CD}.Debug|Any CPU.ActiveCfg = Debug|Any CPU
		{B5AEADDA-F707-47DC-8246-49C97121A7CD}.Debug|Any CPU.Build.0 = Debug|Any CPU
		{B5AEADDA-F707-47DC-8246-49C97121A7CD}.Release|Any CPU.ActiveCfg = Release|Any CPU
		{B5AEADDA-F707-47DC-8246-49C97121A7CD}.Release|Any CPU.Build.0 = Release|Any CPU
	EndGlobalSection
	GlobalSection(SolutionProperties) = preSolution
		HideSolutionNode = FALSE
	EndGlobalSection
	GlobalSection(ExtensibilityGlobals) = postSolution
		SolutionGuid = {30BE7A04-CA16-48A3-9319-827DE5830A1D}
	EndGlobalSection
EndGlobal
